
Microsoft Visual Studio Solution File, Format Version 12.00
# Visual Studio 15
VisualStudioVersion = 15.0.27004.2005
MinimumVisualStudioVersion = 10.0.40219.1
Project("{FAE04EC0-301F-11D3-BF4B-00C04F79EFBC}") = "LMT Images Compress", "LMT Images Compress\LMT Images Compress.csproj", "{0838BE73-FC00-4ED6-9800-09A12168BAA5}"
EndProject
Global
	GlobalSection(SolutionConfigurationPlatforms) = preSolution
		Debug|Any CPU = Debug|Any CPU
		Release|Any CPU = Release|Any CPU
	EndGlobalSection
	GlobalSection(ProjectConfigurationPlatforms) = postSolution
		{0838BE73-FC00-4ED6-9800-09A12168BAA5}.Debug|Any CPU.ActiveCfg = Debug|Any CPU
		{0838BE73-FC00-4ED6-9800-09A12168BAA5}.Debug|Any CPU.Build.0 = Debug|Any CPU
		{0838BE73-FC00-4ED6-9800-09A12168BAA5}.Release|Any CPU.ActiveCfg = Release|Any CPU
		{0838BE73-FC00-4ED6-9800-09A12168BAA5}.Release|Any CPU.Build.0 = Release|Any CPU
	EndGlobalSection
	GlobalSection(SolutionProperties) = preSolution
		HideSolutionNode = FALSE
	EndGlobalSection
	GlobalSection(ExtensibilityGlobals) = postSolution
		SolutionGuid = {7C282337-74AA-4332-B5E3-F7214A7C79C2}
	EndGlobalSection
EndGlobal
